// !$*UTF8*$!
{
	archiveVersion = 1;
	classes = {
	};
	objectVersion = 55;
	objects = {

/* Begin PBXBuildFile section */
		B12FB3772B614213002A5545 /* SwiftUI_Advanced_LearningApp.swift in Sources */ = {isa = PBXBuildFile; fileRef = B12FB3762B614213002A5545 /* SwiftUI_Advanced_LearningApp.swift */; };
		B12FB37B2B614214002A5545 /* Assets.xcassets in Resources */ = {isa = PBXBuildFile; fileRef = B12FB37A2B614214002A5545 /* Assets.xcassets */; };
		B12FB37E2B614214002A5545 /* Preview Assets.xcassets in Resources */ = {isa = PBXBuildFile; fileRef = B12FB37D2B614214002A5545 /* Preview Assets.xcassets */; };
		B12FB3852B6142C0002A5545 /* ViewModifiersSwiftUIBootcamp.swift in Sources */ = {isa = PBXBuildFile; fileRef = B12FB3842B6142C0002A5545 /* ViewModifiersSwiftUIBootcamp.swift */; };
		B15CCCA32B7422A300E3100D /* NavigationViewBootcamp.swift in Sources */ = {isa = PBXBuildFile; fileRef = B15CCCA22B7422A300E3100D /* NavigationViewBootcamp.swift */; };
		B175799A2B614EBC004C770E /* ButtonStyleBootcamp.swift in Sources */ = {isa = PBXBuildFile; fileRef = B17579992B614EBC004C770E /* ButtonStyleBootcamp.swift */; };
		B17E80C82B750A66004AE1F8 /* FileManagerBootcamp.swift in Sources */ = {isa = PBXBuildFile; fileRef = B17E80C72B750A66004AE1F8 /* FileManagerBootcamp.swift */; };
		B18C68092B73A4CE005E3A59 /* CodableBootcamp.swift in Sources */ = {isa = PBXBuildFile; fileRef = B18C68082B73A4CE005E3A59 /* CodableBootcamp.swift */; };
		B18C680C2B73B28D005E3A59 /* DownloadWithEscapingBootcamp.swift in Sources */ = {isa = PBXBuildFile; fileRef = B18C680B2B73B28D005E3A59 /* DownloadWithEscapingBootcamp.swift */; };
/* End PBXBuildFile section */

/* Begin PBXFileReference section */
		B12FB3732B614213002A5545 /* SwiftUI_Advanced_Learning.app */ = {isa = PBXFileReference; explicitFileType = wrapper.application; includeInIndex = 0; path = SwiftUI_Advanced_Learning.app; sourceTree = BUILT_PRODUCTS_DIR; };
		B12FB3762B614213002A5545 /* SwiftUI_Advanced_LearningApp.swift */ = {isa = PBXFileReference; lastKnownFileType = sourcecode.swift; path = SwiftUI_Advanced_LearningApp.swift; sourceTree = "<group>"; };
		B12FB37A2B614214002A5545 /* Assets.xcassets */ = {isa = PBXFileReference; lastKnownFileType = folder.assetcatalog; path = Assets.xcassets; sourceTree = "<group>"; };
		B12FB37D2B614214002A5545 /* Preview Assets.xcassets */ = {isa = PBXFileReference; lastKnownFileType = folder.assetcatalog; path = "Preview Assets.xcassets"; sourceTree = "<group>"; };
		B12FB3842B6142C0002A5545 /* ViewModifiersSwiftUIBootcamp.swift */ = {isa = PBXFileReference; lastKnownFileType = sourcecode.swift; path = ViewModifiersSwiftUIBootcamp.swift; sourceTree = "<group>"; };
		B15CCCA22B7422A300E3100D /* NavigationViewBootcamp.swift */ = {isa = PBXFileReference; lastKnownFileType = sourcecode.swift; path = NavigationViewBootcamp.swift; sourceTree = "<group>"; };
		B17579992B614EBC004C770E /* ButtonStyleBootcamp.swift */ = {isa = PBXFileReference; lastKnownFileType = sourcecode.swift; path = ButtonStyleBootcamp.swift; sourceTree = "<group>"; };
		B17E80C72B750A66004AE1F8 /* FileManagerBootcamp.swift */ = {isa = PBXFileReference; lastKnownFileType = sourcecode.swift; path = FileManagerBootcamp.swift; sourceTree = "<group>"; };
		B18C68082B73A4CE005E3A59 /* CodableBootcamp.swift */ = {isa = PBXFileReference; lastKnownFileType = sourcecode.swift; path = CodableBootcamp.swift; sourceTree = "<group>"; };
		B18C680B2B73B28D005E3A59 /* DownloadWithEscapingBootcamp.swift */ = {isa = PBXFileReference; lastKnownFileType = sourcecode.swift; path = DownloadWithEscapingBootcamp.swift; sourceTree = "<group>"; };
/* End PBXFileReference section */

/* Begin PBXFrameworksBuildPhase section */
		B12FB3702B614213002A5545 /* Frameworks */ = {
			isa = PBXFrameworksBuildPhase;
			buildActionMask = 2147483647;
			files = (
			);
			runOnlyForDeploymentPostprocessing = 0;
		};
/* End PBXFrameworksBuildPhase section */

/* Begin PBXGroup section */
		B12FB36A2B614213002A5545 = {
			isa = PBXGroup;
			children = (
				B12FB3752B614213002A5545 /* SwiftUI_Advanced_Learning */,
				B12FB3742B614213002A5545 /* Products */,
			);
			sourceTree = "<group>";
		};
		B12FB3742B614213002A5545 /* Products */ = {
			isa = PBXGroup;
			children = (
				B12FB3732B614213002A5545 /* SwiftUI_Advanced_Learning.app */,
			);
			name = Products;
			sourceTree = "<group>";
		};
		B12FB3752B614213002A5545 /* SwiftUI_Advanced_Learning */ = {
			isa = PBXGroup;
			children = (
				B12FB3762B614213002A5545 /* SwiftUI_Advanced_LearningApp.swift */,
				B12FB37A2B614214002A5545 /* Assets.xcassets */,
				B12FB37C2B614214002A5545 /* Preview Content */,
				B12FB3842B6142C0002A5545 /* ViewModifiersSwiftUIBootcamp.swift */,
				B17579992B614EBC004C770E /* ButtonStyleBootcamp.swift */,
				B18C68082B73A4CE005E3A59 /* CodableBootcamp.swift */,
				B18C680B2B73B28D005E3A59 /* DownloadWithEscapingBootcamp.swift */,
				B15CCCA22B7422A300E3100D /* NavigationViewBootcamp.swift */,
				B17E80C72B750A66004AE1F8 /* FileManagerBootcamp.swift */,
			);
			path = SwiftUI_Advanced_Learning;
			sourceTree = "<group>";
		};
		B12FB37C2B614214002A5545 /* Preview Content */ = {
			isa = PBXGroup;
			children = (
				B12FB37D2B614214002A5545 /* Preview Assets.xcassets */,
			);
			path = "Preview Content";
			sourceTree = "<group>";
		};
/* End PBXGroup section */

/* Begin PBXNativeTarget section */
		B12FB3722B614213002A5545 /* SwiftUI_Advanced_Learning */ = {
			isa = PBXNativeTarget;
			buildConfigurationList = B12FB3812B614214002A5545 /* Build configuration list for PBXNativeTarget "SwiftUI_Advanced_Learning" */;
			buildPhases = (
				B12FB36F2B614213002A5545 /* Sources */,
				B12FB3702B614213002A5545 /* Frameworks */,
				B12FB3712B614213002A5545 /* Resources */,
			);
			buildRules = (
			);
			dependencies = (
			);
			name = SwiftUI_Advanced_Learning;
			productName = SwiftUI_Advanced_Learning;
			productReference = B12FB3732B614213002A5545 /* SwiftUI_Advanced_Learning.app */;
			productType = "com.apple.product-type.application";
		};
/* End PBXNativeTarget section */

/* Begin PBXProject section */
		B12FB36B2B614213002A5545 /* Project object */ = {
			isa = PBXProject;
			attributes = {
				BuildIndependentTargetsInParallel = 1;
				LastSwiftUpdateCheck = 1340;
				LastUpgradeCheck = 1340;
				TargetAttributes = {
					B12FB3722B614213002A5545 = {
						CreatedOnToolsVersion = 13.4.1;
					};
				};
			};
			buildConfigurationList = B12FB36E2B614213002A5545 /* Build configuration list for PBXProject "SwiftUI_Advanced_Learning" */;
			compatibilityVersion = "Xcode 13.0";
			developmentRegion = en;
			hasScannedForEncodings = 0;
			knownRegions = (
				en,
				Base,
			);
			mainGroup = B12FB36A2B614213002A5545;
			productRefGroup = B12FB3742B614213002A5545 /* Products */;
			projectDirPath = "";
			projectRoot = "";
			targets = (
				B12FB3722B614213002A5545 /* SwiftUI_Advanced_Learning */,
			);
		};
/* End PBXProject section */

/* Begin PBXResourcesBuildPhase section */
		B12FB3712B614213002A5545 /* Resources */ = {
			isa = PBXResourcesBuildPhase;
			buildActionMask = 2147483647;
			files = (
				B12FB37E2B614214002A5545 /* Preview Assets.xcassets in Resources */,
				B12FB37B2B614214002A5545 /* Assets.xcassets in Resources */,
			);
			runOnlyForDeploymentPostprocessing = 0;
		};
/* End PBXResourcesBuildPhase section */

/* Begin PBXSourcesBuildPhase section */
		B12FB36F2B614213002A5545 /* Sources */ = {
			isa = PBXSourcesBuildPhase;
			buildActionMask = 2147483647;
			files = (
				B18C68092B73A4CE005E3A59 /* CodableBootcamp.swift in Sources */,
				B175799A2B614EBC004C770E /* ButtonStyleBootcamp.swift in Sources */,
				B12FB3852B6142C0002A5545 /* ViewModifiersSwiftUIBootcamp.swift in Sources */,
				B18C680C2B73B28D005E3A59 /* DownloadWithEscapingBootcamp.swift in Sources */,
				B12FB3772B614213002A5545 /* SwiftUI_Advanced_LearningApp.swift in Sources */,
				B17E80C82B750A66004AE1F8 /* FileManagerBootcamp.swift in Sources */,
				B15CCCA32B7422A300E3100D /* NavigationViewBootcamp.swift in Sources */,
			);
			runOnlyForDeploymentPostprocessing = 0;
		};
/* End PBXSourcesBuildPhase section */

/* Begin XCBuildConfiguration section */
		B12FB37F2B614214002A5545 /* Debug */ = {
			isa = XCBuildConfiguration;
			buildSettings = {
				ALWAYS_SEARCH_USER_PATHS = NO;
				CLANG_ANALYZER_NONNULL = YES;
				CLANG_ANALYZER_NUMBER_OBJECT_CONVERSION = YES_AGGRESSIVE;
				CLANG_CXX_LANGUAGE_STANDARD = "gnu++17";
				CLANG_ENABLE_MODULES = YES;
				CLANG_ENABLE_OBJC_ARC = YES;
				CLANG_ENABLE_OBJC_WEAK = YES;
				CLANG_WARN_BLOCK_CAPTURE_AUTORELEASING = YES;
				CLANG_WARN_BOOL_CONVERSION = YES;
				CLANG_WARN_COMMA = YES;
				CLANG_WARN_CONSTANT_CONVERSION = YES;
				CLANG_WARN_DEPRECATED_OBJC_IMPLEMENTATIONS = YES;
				CLANG_WARN_DIRECT_OBJC_ISA_USAGE = YES_ERROR;
				CLANG_WARN_DOCUMENTATION_COMMENTS = YES;
				CLANG_WARN_EMPTY_BODY = YES;
				CLANG_WARN_ENUM_CONVERSION = YES;
				CLANG_WARN_INFINITE_RECURSION = YES;
				CLANG_WARN_INT_CONVERSION = YES;
				CLANG_WARN_NON_LITERAL_NULL_CONVERSION = YES;
				CLANG_WARN_OBJC_IMPLICIT_RETAIN_SELF = YES;
				CLANG_WARN_OBJC_LITERAL_CONVERSION = YES;
				CLANG_WARN_OBJC_ROOT_CLASS = YES_ERROR;
				CLANG_WARN_QUOTED_INCLUDE_IN_FRAMEWORK_HEADER = YES;
				CLANG_WARN_RANGE_LOOP_ANALYSIS = YES;
				CLANG_WARN_STRICT_PROTOTYPES = YES;
				CLANG_WARN_SUSPICIOUS_MOVE = YES;
				CLANG_WARN_UNGUARDED_AVAILABILITY = YES_AGGRESSIVE;
				CLANG_WARN_UNREACHABLE_CODE = YES;
				CLANG_WARN__DUPLICATE_METHOD_MATCH = YES;
				COPY_PHASE_STRIP = NO;
				DEBUG_INFORMATION_FORMAT = dwarf;
				ENABLE_STRICT_OBJC_MSGSEND = YES;
				ENABLE_TESTABILITY = YES;
				GCC_C_LANGUAGE_STANDARD = gnu11;
				GCC_DYNAMIC_NO_PIC = NO;
				GCC_NO_COMMON_BLOCKS = YES;
				GCC_OPTIMIZATION_LEVEL = 0;
				GCC_PREPROCESSOR_DEFINITIONS = (
					"DEBUG=1",
					"$(inherited)",
				);
				GCC_WARN_64_TO_32_BIT_CONVERSION = YES;
				GCC_WARN_ABOUT_RETURN_TYPE = YES_ERROR;
				GCC_WARN_UNDECLARED_SELECTOR = YES;
				GCC_WARN_UNINITIALIZED_AUTOS = YES_AGGRESSIVE;
				GCC_WARN_UNUSED_FUNCTION = YES;
				GCC_WARN_UNUSED_VARIABLE = YES;
				IPHONEOS_DEPLOYMENT_TARGET = 15.5;
				MTL_ENABLE_DEBUG_INFO = INCLUDE_SOURCE;
				MTL_FAST_MATH = YES;
				ONLY_ACTIVE_ARCH = YES;
				SDKROOT = iphoneos;
				SWIFT_ACTIVE_COMPILATION_CONDITIONS = DEBUG;
				SWIFT_OPTIMIZATION_LEVEL = "-Onone";
			};
			name = Debug;
		};
		B12FB3802B614214002A5545 /* Release */ = {
			isa = XCBuildConfiguration;
			buildSettings = {
				ALWAYS_SEARCH_USER_PATHS = NO;
				CLANG_ANALYZER_NONNULL = YES;
				CLANG_ANALYZER_NUMBER_OBJECT_CONVERSION = YES_AGGRESSIVE;
				CLANG_CXX_LANGUAGE_STANDARD = "gnu++17";
				CLANG_ENABLE_MODULES = YES;
				CLANG_ENABLE_OBJC_ARC = YES;
				CLANG_ENABLE_OBJC_WEAK = YES;
				CLANG_WARN_BLOCK_CAPTURE_AUTORELEASING = YES;
				CLANG_WARN_BOOL_CONVERSION = YES;
				CLANG_WARN_COMMA = YES;
				CLANG_WARN_CONSTANT_CONVERSION = YES;
				CLANG_WARN_DEPRECATED_OBJC_IMPLEMENTATIONS = YES;
				CLANG_WARN_DIRECT_OBJC_ISA_USAGE = YES_ERROR;
				CLANG_WARN_DOCUMENTATION_COMMENTS = YES;
				CLANG_WARN_EMPTY_BODY = YES;
				CLANG_WARN_ENUM_CONVERSION = YES;
				CLANG_WARN_INFINITE_RECURSION = YES;
				CLANG_WARN_INT_CONVERSION = YES;
				CLANG_WARN_NON_LITERAL_NULL_CONVERSION = YES;
				CLANG_WARN_OBJC_IMPLICIT_RETAIN_SELF = YES;
				CLANG_WARN_OBJC_LITERAL_CONVERSION = YES;
				CLANG_WARN_OBJC_ROOT_CLASS = YES_ERROR;
				CLANG_WARN_QUOTED_INCLUDE_IN_FRAMEWORK_HEADER = YES;
				CLANG_WARN_RANGE_LOOP_ANALYSIS = YES;
				CLANG_WARN_STRICT_PROTOTYPES = YES;
				CLANG_WARN_SUSPICIOUS_MOVE = YES;
				CLANG_WARN_UNGUARDED_AVAILABILITY = YES_AGGRESSIVE;
				CLANG_WARN_UNREACHABLE_CODE = YES;
				CLANG_WARN__DUPLICATE_METHOD_MATCH = YES;
				COPY_PHASE_STRIP = NO;
				DEBUG_INFORMATION_FORMAT = "dwarf-with-dsym";
				ENABLE_NS_ASSERTIONS = NO;
				ENABLE_STRICT_OBJC_MSGSEND = YES;
				GCC_C_LANGUAGE_STANDARD = gnu11;
				GCC_NO_COMMON_BLOCKS = YES;
				GCC_WARN_64_TO_32_BIT_CONVERSION = YES;
				GCC_WARN_ABOUT_RETURN_TYPE = YES_ERROR;
				GCC_WARN_UNDECLARED_SELECTOR = YES;
				GCC_WARN_UNINITIALIZED_AUTOS = YES_AGGRESSIVE;
				GCC_WARN_UNUSED_FUNCTION = YES;
				GCC_WARN_UNUSED_VARIABLE = YES;
				IPHONEOS_DEPLOYMENT_TARGET = 15.5;
				MTL_ENABLE_DEBUG_INFO = NO;
				MTL_FAST_MATH = YES;
				SDKROOT = iphoneos;
				SWIFT_COMPILATION_MODE = wholemodule;
				SWIFT_OPTIMIZATION_LEVEL = "-O";
				VALIDATE_PRODUCT = YES;
			};
			name = Release;
		};
		B12FB3822B614214002A5545 /* Debug */ = {
			isa = XCBuildConfiguration;
			buildSettings = {
				ASSETCATALOG_COMPILER_APPICON_NAME = AppIcon;
				ASSETCATALOG_COMPILER_GLOBAL_ACCENT_COLOR_NAME = AccentColor;
				CODE_SIGN_STYLE = Automatic;
				CURRENT_PROJECT_VERSION = 1;
				DEVELOPMENT_ASSET_PATHS = "\"SwiftUI_Advanced_Learning/Preview Content\"";
				DEVELOPMENT_TEAM = QFL3TKB7D4;
				ENABLE_PREVIEWS = YES;
				GENERATE_INFOPLIST_FILE = YES;
				INFOPLIST_KEY_UIApplicationSceneManifest_Generation = YES;
				INFOPLIST_KEY_UIApplicationSupportsIndirectInputEvents = YES;
				INFOPLIST_KEY_UILaunchScreen_Generation = YES;
				INFOPLIST_KEY_UISupportedInterfaceOrientations_iPad = "UIInterfaceOrientationPortrait UIInterfaceOrientationPortraitUpsideDown UIInterfaceOrientationLandscapeLeft UIInterfaceOrientationLandscapeRight";
				INFOPLIST_KEY_UISupportedInterfaceOrientations_iPhone = "UIInterfaceOrientationPortrait UIInterfaceOrientationLandscapeLeft UIInterfaceOrientationLandscapeRight";
				LD_RUNPATH_SEARCH_PATHS = (
					"$(inherited)",
					"@executable_path/Frameworks",
				);
				MARKETING_VERSION = 1.0;
				PRODUCT_BUNDLE_IDENTIFIER = "https---github.com-bertiGrazi.SwiftUI-Advanced-Learning";
				PRODUCT_NAME = "$(TARGET_NAME)";
				SWIFT_EMIT_LOC_STRINGS = YES;
				SWIFT_VERSION = 5.0;
				TARGETED_DEVICE_FAMILY = "1,2";
			};
			name = Debug;
		};
		B12FB3832B614214002A5545 /* Release */ = {
			isa = XCBuildConfiguration;
			buildSettings = {
				ASSETCATALOG_COMPILER_APPICON_NAME = AppIcon;
				ASSETCATALOG_COMPILER_GLOBAL_ACCENT_COLOR_NAME = AccentColor;
				CODE_SIGN_STYLE = Automatic;
				CURRENT_PROJECT_VERSION = 1;
				DEVELOPMENT_ASSET_PATHS = "\"SwiftUI_Advanced_Learning/Preview Content\"";
				DEVELOPMENT_TEAM = QFL3TKB7D4;
				ENABLE_PREVIEWS = YES;
				GENERATE_INFOPLIST_FILE = YES;
				INFOPLIST_KEY_UIApplicationSceneManifest_Generation = YES;
				INFOPLIST_KEY_UIApplicationSupportsIndirectInputEvents = YES;
				INFOPLIST_KEY_UILaunchScreen_Generation = YES;
				INFOPLIST_KEY_UISupportedInterfaceOrientations_iPad = "UIInterfaceOrientationPortrait UIInterfaceOrientationPortraitUpsideDown UIInterfaceOrientationLandscapeLeft UIInterfaceOrientationLandscapeRight";
				INFOPLIST_KEY_UISupportedInterfaceOrientations_iPhone = "UIInterfaceOrientationPortrait UIInterfaceOrientationLandscapeLeft UIInterfaceOrientationLandscapeRight";
				LD_RUNPATH_SEARCH_PATHS = (
					"$(inherited)",
					"@executable_path/Frameworks",
				);
				MARKETING_VERSION = 1.0;
				PRODUCT_BUNDLE_IDENTIFIER = "https---github.com-bertiGrazi.SwiftUI-Advanced-Learning";
				PRODUCT_NAME = "$(TARGET_NAME)";
				SWIFT_EMIT_LOC_STRINGS = YES;
				SWIFT_VERSION = 5.0;
				TARGETED_DEVICE_FAMILY = "1,2";
			};
			name = Release;
		};
/* End XCBuildConfiguration section */

/* Begin XCConfigurationList section */
		B12FB36E2B614213002A5545 /* Build configuration list for PBXProject "SwiftUI_Advanced_Learning" */ = {
			isa = XCConfigurationList;
			buildConfigurations = (
				B12FB37F2B614214002A5545 /* Debug */,
				B12FB3802B614214002A5545 /* Release */,
			);
			defaultConfigurationIsVisible = 0;
			defaultConfigurationName = Release;
		};
		B12FB3812B614214002A5545 /* Build configuration list for PBXNativeTarget "SwiftUI_Advanced_Learning" */ = {
			isa = XCConfigurationList;
			buildConfigurations = (
				B12FB3822B614214002A5545 /* Debug */,
				B12FB3832B614214002A5545 /* Release */,
			);
			defaultConfigurationIsVisible = 0;
			defaultConfigurationName = Release;
		};
/* End XCConfigurationList section */
	};
	rootObject = B12FB36B2B614213002A5545 /* Project object */;
}
